
Microsoft Visual Studio Solution File, Format Version 12.00
# Visual Studio Version 17
VisualStudioVersion = 17.5.002.0
MinimumVisualStudioVersion = 10.0.40219.1
Project("{9A19103F-16F7-4668-BE54-9A1E7A4F7556}") = "BiancasBikes", "BiancasBikes.csproj", "{0B0F61F4-65D4-4543-8002-B7019860E56B}"
EndProject
Global
	GlobalSection(SolutionConfigurationPlatforms) = preSolution
		Debug|Any CPU = Debug|Any CPU
		Release|Any CPU = Release|Any CPU
	EndGlobalSection
	GlobalSection(ProjectConfigurationPlatforms) = postSolution
		{0B0F61F4-65D4-4543-8002-B7019860E56B}.Debug|Any CPU.ActiveCfg = Debug|Any CPU
		{0B0F61F4-65D4-4543-8002-B7019860E56B}.Debug|Any CPU.Build.0 = Debug|Any CPU
		{0B0F61F4-65D4-4543-8002-B7019860E56B}.Release|Any CPU.ActiveCfg = Release|Any CPU
		{0B0F61F4-65D4-4543-8002-B7019860E56B}.Release|Any CPU.Build.0 = Release|Any CPU
	EndGlobalSection
	GlobalSection(SolutionProperties) = preSolution
		HideSolutionNode = FALSE
	EndGlobalSection
	GlobalSection(ExtensibilityGlobals) = postSolution
		SolutionGuid = {0F8B3182-72A3-4751-9B83-57A82D000CCB}
	EndGlobalSection
EndGlobal
